// !$*UTF8*$!
{
	archiveVersion = 1;
	classes = {
	};
	objectVersion = 77;
	objects = {

/* Begin PBXBuildFile section */
		3BF207502DDDB95600B154AB /* Stopwatch+CoreDataClass.swift in Sources */ = {isa = PBXBuildFile; fileRef = 3BF2074C2DDDB95600B154AB /* Stopwatch+CoreDataClass.swift */; };
		3BF207512DDDB95600B154AB /* Alarm+CoreDataClass.swift in Sources */ = {isa = PBXBuildFile; fileRef = 3BF2074A2DDDB95600B154AB /* Alarm+CoreDataClass.swift */; };
		3BF207522DDDB95600B154AB /* Timer+CoreDataClass.swift in Sources */ = {isa = PBXBuildFile; fileRef = 3BF2074E2DDDB95600B154AB /* Timer+CoreDataClass.swift */; };
		3BF207532DDDB95600B154AB /* Alarm+CoreDataProperties.swift in Sources */ = {isa = PBXBuildFile; fileRef = 3BF2074B2DDDB95600B154AB /* Alarm+CoreDataProperties.swift */; };
		3BF207542DDDB95600B154AB /* Timer+CoreDataProperties.swift in Sources */ = {isa = PBXBuildFile; fileRef = 3BF2074F2DDDB95600B154AB /* Timer+CoreDataProperties.swift */; };
		3BF207552DDDB95600B154AB /* Stopwatch+CoreDataProperties.swift in Sources */ = {isa = PBXBuildFile; fileRef = 3BF2074D2DDDB95600B154AB /* Stopwatch+CoreDataProperties.swift */; };
		4206E7D62DE451D500E2A2E6 /* SavedLap+CoreDataProperties.swift in Sources */ = {isa = PBXBuildFile; fileRef = 4206E7D52DE451D500E2A2E6 /* SavedLap+CoreDataProperties.swift */; };
		4206E7D72DE451D500E2A2E6 /* SavedLap+CoreDataClass.swift in Sources */ = {isa = PBXBuildFile; fileRef = 4206E7D42DE451D500E2A2E6 /* SavedLap+CoreDataClass.swift */; };
		C65749572DDDCDEF00EAA118 /* SnapKit in Frameworks */ = {isa = PBXBuildFile; productRef = C65749562DDDCDEF00EAA118 /* SnapKit */; };
		C6DF4CAD2DDEC77F00A6092D /* RxCocoa in Frameworks */ = {isa = PBXBuildFile; productRef = C6DF4CAC2DDEC77F00A6092D /* RxCocoa */; };
		C6DF4CAF2DDEC77F00A6092D /* RxRelay in Frameworks */ = {isa = PBXBuildFile; productRef = C6DF4CAE2DDEC77F00A6092D /* RxRelay */; };
		C6DF4CB12DDEC77F00A6092D /* RxSwift in Frameworks */ = {isa = PBXBuildFile; productRef = C6DF4CB02DDEC77F00A6092D /* RxSwift */; };
/* End PBXBuildFile section */

/* Begin PBXFileReference section */
		3BF207182DDDB71200B154AB /* Allarm.app */ = {isa = PBXFileReference; explicitFileType = wrapper.application; includeInIndex = 0; path = Allarm.app; sourceTree = BUILT_PRODUCTS_DIR; };
		3BF2074A2DDDB95600B154AB /* Alarm+CoreDataClass.swift */ = {isa = PBXFileReference; lastKnownFileType = sourcecode.swift; path = "Alarm+CoreDataClass.swift"; sourceTree = "<group>"; };
		3BF2074B2DDDB95600B154AB /* Alarm+CoreDataProperties.swift */ = {isa = PBXFileReference; lastKnownFileType = sourcecode.swift; path = "Alarm+CoreDataProperties.swift"; sourceTree = "<group>"; };
		3BF2074C2DDDB95600B154AB /* Stopwatch+CoreDataClass.swift */ = {isa = PBXFileReference; lastKnownFileType = sourcecode.swift; path = "Stopwatch+CoreDataClass.swift"; sourceTree = "<group>"; };
		3BF2074D2DDDB95600B154AB /* Stopwatch+CoreDataProperties.swift */ = {isa = PBXFileReference; lastKnownFileType = sourcecode.swift; path = "Stopwatch+CoreDataProperties.swift"; sourceTree = "<group>"; };
		3BF2074E2DDDB95600B154AB /* Timer+CoreDataClass.swift */ = {isa = PBXFileReference; lastKnownFileType = sourcecode.swift; path = "Timer+CoreDataClass.swift"; sourceTree = "<group>"; };
		3BF2074F2DDDB95600B154AB /* Timer+CoreDataProperties.swift */ = {isa = PBXFileReference; lastKnownFileType = sourcecode.swift; path = "Timer+CoreDataProperties.swift"; sourceTree = "<group>"; };
		4206E7D42DE451D500E2A2E6 /* SavedLap+CoreDataClass.swift */ = {isa = PBXFileReference; lastKnownFileType = sourcecode.swift; path = "SavedLap+CoreDataClass.swift"; sourceTree = "<group>"; };
		4206E7D52DE451D500E2A2E6 /* SavedLap+CoreDataProperties.swift */ = {isa = PBXFileReference; lastKnownFileType = sourcecode.swift; path = "SavedLap+CoreDataProperties.swift"; sourceTree = "<group>"; };
/* End PBXFileReference section */

/* Begin PBXFileSystemSynchronizedBuildFileExceptionSet section */
		3BF2072D2DDDB71400B154AB /* Exceptions for "Allarm" folder in "Allarm" target */ = {
			isa = PBXFileSystemSynchronizedBuildFileExceptionSet;
			membershipExceptions = (
				Info.plist,
			);
			target = 3BF207172DDDB71200B154AB /* Allarm */;
		};
/* End PBXFileSystemSynchronizedBuildFileExceptionSet section */

/* Begin PBXFileSystemSynchronizedRootGroup section */
		3BF2071A2DDDB71200B154AB /* Allarm */ = {
			isa = PBXFileSystemSynchronizedRootGroup;
			exceptions = (
				3BF2072D2DDDB71400B154AB /* Exceptions for "Allarm" folder in "Allarm" target */,
			);
			path = Allarm;
			sourceTree = "<group>";
		};
/* End PBXFileSystemSynchronizedRootGroup section */

/* Begin PBXFrameworksBuildPhase section */
		3BF207152DDDB71200B154AB /* Frameworks */ = {
			isa = PBXFrameworksBuildPhase;
			buildActionMask = 2147483647;
			files = (
				C6DF4CAF2DDEC77F00A6092D /* RxRelay in Frameworks */,
				C6DF4CAD2DDEC77F00A6092D /* RxCocoa in Frameworks */,
				C6DF4CB12DDEC77F00A6092D /* RxSwift in Frameworks */,
				C65749572DDDCDEF00EAA118 /* SnapKit in Frameworks */,
			);
			runOnlyForDeploymentPostprocessing = 0;
		};
/* End PBXFrameworksBuildPhase section */

/* Begin PBXGroup section */
		3BF2070F2DDDB71200B154AB = {
			isa = PBXGroup;
			children = (
				4206E7D42DE451D500E2A2E6 /* SavedLap+CoreDataClass.swift */,
				4206E7D52DE451D500E2A2E6 /* SavedLap+CoreDataProperties.swift */,
				3BF2074A2DDDB95600B154AB /* Alarm+CoreDataClass.swift */,
				3BF2074B2DDDB95600B154AB /* Alarm+CoreDataProperties.swift */,
				3BF2074C2DDDB95600B154AB /* Stopwatch+CoreDataClass.swift */,
				3BF2074D2DDDB95600B154AB /* Stopwatch+CoreDataProperties.swift */,
				3BF2074E2DDDB95600B154AB /* Timer+CoreDataClass.swift */,
				3BF2074F2DDDB95600B154AB /* Timer+CoreDataProperties.swift */,
				3BF2071A2DDDB71200B154AB /* Allarm */,
				3BF207192DDDB71200B154AB /* Products */,
			);
			sourceTree = "<group>";
		};
		3BF207192DDDB71200B154AB /* Products */ = {
			isa = PBXGroup;
			children = (
				3BF207182DDDB71200B154AB /* Allarm.app */,
			);
			name = Products;
			sourceTree = "<group>";
		};
/* End PBXGroup section */

/* Begin PBXNativeTarget section */
		3BF207172DDDB71200B154AB /* Allarm */ = {
			isa = PBXNativeTarget;
			buildConfigurationList = 3BF2072E2DDDB71400B154AB /* Build configuration list for PBXNativeTarget "Allarm" */;
			buildPhases = (
				3BF207142DDDB71200B154AB /* Sources */,
				3BF207152DDDB71200B154AB /* Frameworks */,
				3BF207162DDDB71200B154AB /* Resources */,
			);
			buildRules = (
			);
			dependencies = (
			);
			fileSystemSynchronizedGroups = (
				3BF2071A2DDDB71200B154AB /* Allarm */,
			);
			name = Allarm;
			packageProductDependencies = (
				C65749562DDDCDEF00EAA118 /* SnapKit */,
				C6DF4CAC2DDEC77F00A6092D /* RxCocoa */,
				C6DF4CAE2DDEC77F00A6092D /* RxRelay */,
				C6DF4CB02DDEC77F00A6092D /* RxSwift */,
			);
			productName = Allarm;
			productReference = 3BF207182DDDB71200B154AB /* Allarm.app */;
			productType = "com.apple.product-type.application";
		};
/* End PBXNativeTarget section */

/* Begin PBXProject section */
		3BF207102DDDB71200B154AB /* Project object */ = {
			isa = PBXProject;
			attributes = {
				BuildIndependentTargetsInParallel = 1;
				LastSwiftUpdateCheck = 1620;
				LastUpgradeCheck = 1620;
				TargetAttributes = {
					3BF207172DDDB71200B154AB = {
						CreatedOnToolsVersion = 16.2;
					};
				};
			};
			buildConfigurationList = 3BF207132DDDB71200B154AB /* Build configuration list for PBXProject "Allarm" */;
			developmentRegion = en;
			hasScannedForEncodings = 0;
			knownRegions = (
				en,
				Base,
			);
			mainGroup = 3BF2070F2DDDB71200B154AB;
			minimizedProjectReferenceProxies = 1;
			packageReferences = (
				C65749552DDDCDEF00EAA118 /* XCRemoteSwiftPackageReference "SnapKit" */,
				C6DF4CAB2DDEC77F00A6092D /* XCRemoteSwiftPackageReference "RxSwift" */,
			);
			preferredProjectObjectVersion = 77;
			productRefGroup = 3BF207192DDDB71200B154AB /* Products */;
			projectDirPath = "";
			projectRoot = "";
			targets = (
				3BF207172DDDB71200B154AB /* Allarm */,
			);
		};
/* End PBXProject section */

/* Begin PBXResourcesBuildPhase section */
		3BF207162DDDB71200B154AB /* Resources */ = {
			isa = PBXResourcesBuildPhase;
			buildActionMask = 2147483647;
			files = (
			);
			runOnlyForDeploymentPostprocessing = 0;
		};
/* End PBXResourcesBuildPhase section */

/* Begin PBXSourcesBuildPhase section */
		3BF207142DDDB71200B154AB /* Sources */ = {
			isa = PBXSourcesBuildPhase;
			buildActionMask = 2147483647;
			files = (
				3BF207502DDDB95600B154AB /* Stopwatch+CoreDataClass.swift in Sources */,
				3BF207512DDDB95600B154AB /* Alarm+CoreDataClass.swift in Sources */,
				3BF207522DDDB95600B154AB /* Timer+CoreDataClass.swift in Sources */,
				3BF207532DDDB95600B154AB /* Alarm+CoreDataProperties.swift in Sources */,
				4206E7D62DE451D500E2A2E6 /* SavedLap+CoreDataProperties.swift in Sources */,
				4206E7D72DE451D500E2A2E6 /* SavedLap+CoreDataClass.swift in Sources */,
				3BF207542DDDB95600B154AB /* Timer+CoreDataProperties.swift in Sources */,
				3BF207552DDDB95600B154AB /* Stopwatch+CoreDataProperties.swift in Sources */,
			);
			runOnlyForDeploymentPostprocessing = 0;
		};
/* End PBXSourcesBuildPhase section */

/* Begin XCBuildConfiguration section */
		3BF2072F2DDDB71400B154AB /* Debug */ = {
			isa = XCBuildConfiguration;
			buildSettings = {
				ASSETCATALOG_COMPILER_APPICON_NAME = AppIcon;
				ASSETCATALOG_COMPILER_GLOBAL_ACCENT_COLOR_NAME = AccentColor;
				CODE_SIGN_STYLE = Automatic;
				CURRENT_PROJECT_VERSION = 1;
				GENERATE_INFOPLIST_FILE = YES;
				INFOPLIST_FILE = Allarm/Info.plist;
				INFOPLIST_KEY_UIApplicationSupportsIndirectInputEvents = YES;
				INFOPLIST_KEY_UILaunchStoryboardName = LaunchScreen;
				INFOPLIST_KEY_UISupportedInterfaceOrientations_iPad = "UIInterfaceOrientationPortrait UIInterfaceOrientationPortraitUpsideDown UIInterfaceOrientationLandscapeLeft UIInterfaceOrientationLandscapeRight";
				INFOPLIST_KEY_UISupportedInterfaceOrientations_iPhone = "UIInterfaceOrientationPortrait UIInterfaceOrientationLandscapeLeft UIInterfaceOrientationLandscapeRight";
				IPHONEOS_DEPLOYMENT_TARGET = 16.6;
				LD_RUNPATH_SEARCH_PATHS = (
					"$(inherited)",
					"@executable_path/Frameworks",
				);
				MARKETING_VERSION = 1.0;
				PRODUCT_BUNDLE_IDENTIFIER = jungjinlee.Allarm;
				PRODUCT_NAME = "$(TARGET_NAME)";
				SWIFT_EMIT_LOC_STRINGS = YES;
				SWIFT_VERSION = 5.0;
				TARGETED_DEVICE_FAMILY = "1,2";
			};
			name = Debug;
		};
		3BF207302DDDB71400B154AB /* Release */ = {
			isa = XCBuildConfiguration;
			buildSettings = {
				ASSETCATALOG_COMPILER_APPICON_NAME = AppIcon;
				ASSETCATALOG_COMPILER_GLOBAL_ACCENT_COLOR_NAME = AccentColor;
				CODE_SIGN_STYLE = Automatic;
				CURRENT_PROJECT_VERSION = 1;
				GENERATE_INFOPLIST_FILE = YES;
				INFOPLIST_FILE = Allarm/Info.plist;
				INFOPLIST_KEY_UIApplicationSupportsIndirectInputEvents = YES;
				INFOPLIST_KEY_UILaunchStoryboardName = LaunchScreen;
				INFOPLIST_KEY_UISupportedInterfaceOrientations_iPad = "UIInterfaceOrientationPortrait UIInterfaceOrientationPortraitUpsideDown UIInterfaceOrientationLandscapeLeft UIInterfaceOrientationLandscapeRight";
				INFOPLIST_KEY_UISupportedInterfaceOrientations_iPhone = "UIInterfaceOrientationPortrait UIInterfaceOrientationLandscapeLeft UIInterfaceOrientationLandscapeRight";
				IPHONEOS_DEPLOYMENT_TARGET = 16.6;
				LD_RUNPATH_SEARCH_PATHS = (
					"$(inherited)",
					"@executable_path/Frameworks",
				);
				MARKETING_VERSION = 1.0;
				PRODUCT_BUNDLE_IDENTIFIER = jungjinlee.Allarm;
				PRODUCT_NAME = "$(TARGET_NAME)";
				SWIFT_EMIT_LOC_STRINGS = YES;
				SWIFT_VERSION = 5.0;
				TARGETED_DEVICE_FAMILY = "1,2";
			};
			name = Release;
		};
		3BF207312DDDB71400B154AB /* Debug */ = {
			isa = XCBuildConfiguration;
			buildSettings = {
				ALWAYS_SEARCH_USER_PATHS = NO;
				ASSETCATALOG_COMPILER_GENERATE_SWIFT_ASSET_SYMBOL_EXTENSIONS = YES;
				CLANG_ANALYZER_NONNULL = YES;
				CLANG_ANALYZER_NUMBER_OBJECT_CONVERSION = YES_AGGRESSIVE;
				CLANG_CXX_LANGUAGE_STANDARD = "gnu++20";
				CLANG_ENABLE_MODULES = YES;
				CLANG_ENABLE_OBJC_ARC = YES;
				CLANG_ENABLE_OBJC_WEAK = YES;
				CLANG_WARN_BLOCK_CAPTURE_AUTORELEASING = YES;
				CLANG_WARN_BOOL_CONVERSION = YES;
				CLANG_WARN_COMMA = YES;
				CLANG_WARN_CONSTANT_CONVERSION = YES;
				CLANG_WARN_DEPRECATED_OBJC_IMPLEMENTATIONS = YES;
				CLANG_WARN_DIRECT_OBJC_ISA_USAGE = YES_ERROR;
				CLANG_WARN_DOCUMENTATION_COMMENTS = YES;
				CLANG_WARN_EMPTY_BODY = YES;
				CLANG_WARN_ENUM_CONVERSION = YES;
				CLANG_WARN_INFINITE_RECURSION = YES;
				CLANG_WARN_INT_CONVERSION = YES;
				CLANG_WARN_NON_LITERAL_NULL_CONVERSION = YES;
				CLANG_WARN_OBJC_IMPLICIT_RETAIN_SELF = YES;
				CLANG_WARN_OBJC_LITERAL_CONVERSION = YES;
				CLANG_WARN_OBJC_ROOT_CLASS = YES_ERROR;
				CLANG_WARN_QUOTED_INCLUDE_IN_FRAMEWORK_HEADER = YES;
				CLANG_WARN_RANGE_LOOP_ANALYSIS = YES;
				CLANG_WARN_STRICT_PROTOTYPES = YES;
				CLANG_WARN_SUSPICIOUS_MOVE = YES;
				CLANG_WARN_UNGUARDED_AVAILABILITY = YES_AGGRESSIVE;
				CLANG_WARN_UNREACHABLE_CODE = YES;
				CLANG_WARN__DUPLICATE_METHOD_MATCH = YES;
				COPY_PHASE_STRIP = NO;
				DEBUG_INFORMATION_FORMAT = dwarf;
				ENABLE_STRICT_OBJC_MSGSEND = YES;
				ENABLE_TESTABILITY = YES;
				ENABLE_USER_SCRIPT_SANDBOXING = YES;
				GCC_C_LANGUAGE_STANDARD = gnu17;
				GCC_DYNAMIC_NO_PIC = NO;
				GCC_NO_COMMON_BLOCKS = YES;
				GCC_OPTIMIZATION_LEVEL = 0;
				GCC_PREPROCESSOR_DEFINITIONS = (
					"DEBUG=1",
					"$(inherited)",
				);
				GCC_WARN_64_TO_32_BIT_CONVERSION = YES;
				GCC_WARN_ABOUT_RETURN_TYPE = YES_ERROR;
				GCC_WARN_UNDECLARED_SELECTOR = YES;
				GCC_WARN_UNINITIALIZED_AUTOS = YES_AGGRESSIVE;
				GCC_WARN_UNUSED_FUNCTION = YES;
				GCC_WARN_UNUSED_VARIABLE = YES;
				IPHONEOS_DEPLOYMENT_TARGET = 18.2;
				LOCALIZATION_PREFERS_STRING_CATALOGS = YES;
				MTL_ENABLE_DEBUG_INFO = INCLUDE_SOURCE;
				MTL_FAST_MATH = YES;
				ONLY_ACTIVE_ARCH = YES;
				SDKROOT = iphoneos;
				SWIFT_ACTIVE_COMPILATION_CONDITIONS = "DEBUG $(inherited)";
				SWIFT_OPTIMIZATION_LEVEL = "-Onone";
			};
			name = Debug;
		};
		3BF207322DDDB71400B154AB /* Release */ = {
			isa = XCBuildConfiguration;
			buildSettings = {
				ALWAYS_SEARCH_USER_PATHS = NO;
				ASSETCATALOG_COMPILER_GENERATE_SWIFT_ASSET_SYMBOL_EXTENSIONS = YES;
				CLANG_ANALYZER_NONNULL = YES;
				CLANG_ANALYZER_NUMBER_OBJECT_CONVERSION = YES_AGGRESSIVE;
				CLANG_CXX_LANGUAGE_STANDARD = "gnu++20";
				CLANG_ENABLE_MODULES = YES;
				CLANG_ENABLE_OBJC_ARC = YES;
				CLANG_ENABLE_OBJC_WEAK = YES;
				CLANG_WARN_BLOCK_CAPTURE_AUTORELEASING = YES;
				CLANG_WARN_BOOL_CONVERSION = YES;
				CLANG_WARN_COMMA = YES;
				CLANG_WARN_CONSTANT_CONVERSION = YES;
				CLANG_WARN_DEPRECATED_OBJC_IMPLEMENTATIONS = YES;
				CLANG_WARN_DIRECT_OBJC_ISA_USAGE = YES_ERROR;
				CLANG_WARN_DOCUMENTATION_COMMENTS = YES;
				CLANG_WARN_EMPTY_BODY = YES;
				CLANG_WARN_ENUM_CONVERSION = YES;
				CLANG_WARN_INFINITE_RECURSION = YES;
				CLANG_WARN_INT_CONVERSION = YES;
				CLANG_WARN_NON_LITERAL_NULL_CONVERSION = YES;
				CLANG_WARN_OBJC_IMPLICIT_RETAIN_SELF = YES;
				CLANG_WARN_OBJC_LITERAL_CONVERSION = YES;
				CLANG_WARN_OBJC_ROOT_CLASS = YES_ERROR;
				CLANG_WARN_QUOTED_INCLUDE_IN_FRAMEWORK_HEADER = YES;
				CLANG_WARN_RANGE_LOOP_ANALYSIS = YES;
				CLANG_WARN_STRICT_PROTOTYPES = YES;
				CLANG_WARN_SUSPICIOUS_MOVE = YES;
				CLANG_WARN_UNGUARDED_AVAILABILITY = YES_AGGRESSIVE;
				CLANG_WARN_UNREACHABLE_CODE = YES;
				CLANG_WARN__DUPLICATE_METHOD_MATCH = YES;
				COPY_PHASE_STRIP = NO;
				DEBUG_INFORMATION_FORMAT = "dwarf-with-dsym";
				ENABLE_NS_ASSERTIONS = NO;
				ENABLE_STRICT_OBJC_MSGSEND = YES;
				ENABLE_USER_SCRIPT_SANDBOXING = YES;
				GCC_C_LANGUAGE_STANDARD = gnu17;
				GCC_NO_COMMON_BLOCKS = YES;
				GCC_WARN_64_TO_32_BIT_CONVERSION = YES;
				GCC_WARN_ABOUT_RETURN_TYPE = YES_ERROR;
				GCC_WARN_UNDECLARED_SELECTOR = YES;
				GCC_WARN_UNINITIALIZED_AUTOS = YES_AGGRESSIVE;
				GCC_WARN_UNUSED_FUNCTION = YES;
				GCC_WARN_UNUSED_VARIABLE = YES;
				IPHONEOS_DEPLOYMENT_TARGET = 18.2;
				LOCALIZATION_PREFERS_STRING_CATALOGS = YES;
				MTL_ENABLE_DEBUG_INFO = NO;
				MTL_FAST_MATH = YES;
				SDKROOT = iphoneos;
				SWIFT_COMPILATION_MODE = wholemodule;
				VALIDATE_PRODUCT = YES;
			};
			name = Release;
		};
/* End XCBuildConfiguration section */

/* Begin XCConfigurationList section */
		3BF207132DDDB71200B154AB /* Build configuration list for PBXProject "Allarm" */ = {
			isa = XCConfigurationList;
			buildConfigurations = (
				3BF207312DDDB71400B154AB /* Debug */,
				3BF207322DDDB71400B154AB /* Release */,
			);
			defaultConfigurationIsVisible = 0;
			defaultConfigurationName = Release;
		};
		3BF2072E2DDDB71400B154AB /* Build configuration list for PBXNativeTarget "Allarm" */ = {
			isa = XCConfigurationList;
			buildConfigurations = (
				3BF2072F2DDDB71400B154AB /* Debug */,
				3BF207302DDDB71400B154AB /* Release */,
			);
			defaultConfigurationIsVisible = 0;
			defaultConfigurationName = Release;
		};
/* End XCConfigurationList section */

/* Begin XCRemoteSwiftPackageReference section */
		C65749552DDDCDEF00EAA118 /* XCRemoteSwiftPackageReference "SnapKit" */ = {
			isa = XCRemoteSwiftPackageReference;
			repositoryURL = "https://github.com/SnapKit/SnapKit.git";
			requirement = {
				kind = upToNextMajorVersion;
				minimumVersion = 5.7.1;
			};
		};
		C6DF4CAB2DDEC77F00A6092D /* XCRemoteSwiftPackageReference "RxSwift" */ = {
			isa = XCRemoteSwiftPackageReference;
			repositoryURL = "https://github.com/ReactiveX/RxSwift.git";
			requirement = {
				kind = upToNextMajorVersion;
				minimumVersion = 6.9.0;
			};
		};
/* End XCRemoteSwiftPackageReference section */

/* Begin XCSwiftPackageProductDependency section */
		C65749562DDDCDEF00EAA118 /* SnapKit */ = {
			isa = XCSwiftPackageProductDependency;
			package = C65749552DDDCDEF00EAA118 /* XCRemoteSwiftPackageReference "SnapKit" */;
			productName = SnapKit;
		};
		C6DF4CAC2DDEC77F00A6092D /* RxCocoa */ = {
			isa = XCSwiftPackageProductDependency;
			package = C6DF4CAB2DDEC77F00A6092D /* XCRemoteSwiftPackageReference "RxSwift" */;
			productName = RxCocoa;
		};
		C6DF4CAE2DDEC77F00A6092D /* RxRelay */ = {
			isa = XCSwiftPackageProductDependency;
			package = C6DF4CAB2DDEC77F00A6092D /* XCRemoteSwiftPackageReference "RxSwift" */;
			productName = RxRelay;
		};
		C6DF4CB02DDEC77F00A6092D /* RxSwift */ = {
			isa = XCSwiftPackageProductDependency;
			package = C6DF4CAB2DDEC77F00A6092D /* XCRemoteSwiftPackageReference "RxSwift" */;
			productName = RxSwift;
		};
/* End XCSwiftPackageProductDependency section */
	};
	rootObject = 3BF207102DDDB71200B154AB /* Project object */;
}
